
Microsoft Visual Studio Solution File, Format Version 12.00
# Visual Studio 14
VisualStudioVersion = 14.0.25420.1
MinimumVisualStudioVersion = 10.0.40219.1
Project("{FAE04EC0-301F-11D3-BF4B-00C04F79EFBC}") = "SportsStore.WebUI", "SportsStore.WebUI\SportsStore.WebUI.csproj", "{EEDA1D44-D043-40BB-B033-D991B0259E98}"
EndProject
Project("{FAE04EC0-301F-11D3-BF4B-00C04F79EFBC}") = "SportsStore.UnitTests", "SportsStore.UnitTests\SportsStore.UnitTests.csproj", "{4368A236-02D0-426C-A246-D95486BBCD37}"
EndProject
Project("{FAE04EC0-301F-11D3-BF4B-00C04F79EFBC}") = "SportsStore.Domain", "SportsStore.Domain\SportsStore.Domain.csproj", "{3D156240-20C5-4710-90C1-D8F4E891D02A}"
EndProject
Global
	GlobalSection(SolutionConfigurationPlatforms) = preSolution
		Debug|Any CPU = Debug|Any CPU
		Release|Any CPU = Release|Any CPU
	EndGlobalSection
	GlobalSection(ProjectConfigurationPlatforms) = postSolution
		{EEDA1D44-D043-40BB-B033-D991B0259E98}.Debug|Any CPU.ActiveCfg = Debug|Any CPU
		{EEDA1D44-D043-40BB-B033-D991B0259E98}.Debug|Any CPU.Build.0 = Debug|Any CPU
		{EEDA1D44-D043-40BB-B033-D991B0259E98}.Release|Any CPU.ActiveCfg = Release|Any CPU
		{EEDA1D44-D043-40BB-B033-D991B0259E98}.Release|Any CPU.Build.0 = Release|Any CPU
		{4368A236-02D0-426C-A246-D95486BBCD37}.Debug|Any CPU.ActiveCfg = Debug|Any CPU
		{4368A236-02D0-426C-A246-D95486BBCD37}.Debug|Any CPU.Build.0 = Debug|Any CPU
		{4368A236-02D0-426C-A246-D95486BBCD37}.Release|Any CPU.ActiveCfg = Release|Any CPU
		{4368A236-02D0-426C-A246-D95486BBCD37}.Release|Any CPU.Build.0 = Release|Any CPU
		{3D156240-20C5-4710-90C1-D8F4E891D02A}.Debug|Any CPU.ActiveCfg = Debug|Any CPU
		{3D156240-20C5-4710-90C1-D8F4E891D02A}.Debug|Any CPU.Build.0 = Debug|Any CPU
		{3D156240-20C5-4710-90C1-D8F4E891D02A}.Release|Any CPU.ActiveCfg = Release|Any CPU
		{3D156240-20C5-4710-90C1-D8F4E891D02A}.Release|Any CPU.Build.0 = Release|Any CPU
	EndGlobalSection
	GlobalSection(SolutionProperties) = preSolution
		HideSolutionNode = FALSE
	EndGlobalSection
EndGlobal
